
Microsoft Visual Studio Solution File, Format Version 12.00
# Visual Studio Version 16
VisualStudioVersion = 16.0.28803.156
MinimumVisualStudioVersion = 10.0.40219.1
Project("{FAE04EC0-301F-11D3-BF4B-00C04F79EFBC}") = "Reg_Built", "Reg_Built\Reg_Built.csproj", "{D45714EA-7241-44F6-B01F-B6C4DE4DDAC0}"
EndProject
Global
	GlobalSection(SolutionConfigurationPlatforms) = preSolution
		Debug|Any CPU = Debug|Any CPU
		Release|Any CPU = Release|Any CPU
	EndGlobalSection
	GlobalSection(ProjectConfigurationPlatforms) = postSolution
		{D45714EA-7241-44F6-B01F-B6C4DE4DDAC0}.Debug|Any CPU.ActiveCfg = Debug|Any CPU
		{D45714EA-7241-44F6-B01F-B6C4DE4DDAC0}.Debug|Any CPU.Build.0 = Debug|Any CPU
		{D45714EA-7241-44F6-B01F-B6C4DE4DDAC0}.Release|Any CPU.ActiveCfg = Release|Any CPU
		{D45714EA-7241-44F6-B01F-B6C4DE4DDAC0}.Release|Any CPU.Build.0 = Release|Any CPU
	EndGlobalSection
	GlobalSection(SolutionProperties) = preSolution
		HideSolutionNode = FALSE
	EndGlobalSection
	GlobalSection(ExtensibilityGlobals) = postSolution
		SolutionGuid = {4CBB7AF3-153E-40E7-B052-17226D238638}
	EndGlobalSection
EndGlobal
